
Microsoft Visual Studio Solution File, Format Version 12.00
# Visual Studio Version 17
VisualStudioVersion = 17.9.34728.123
MinimumVisualStudioVersion = 10.0.40219.1
Project("{9A19103F-16F7-4668-BE54-9A1E7A4F7556}") = "WebApi", "WebApi\WebApi.csproj", "{CBB624FD-2C8F-4BA2-9FB5-DE4501EAD09D}"
EndProject
Project("{E53339B2-1760-4266-BCC7-CA923CBCF16C}") = "docker-compose", "docker-compose.dcproj", "{893E7CC9-C484-4F33-94BA-CFBBD882F38E}"
EndProject
Project("{9A19103F-16F7-4668-BE54-9A1E7A4F7556}") = "Core", "Core\Core.csproj", "{1A59EB20-700C-4F43-AD64-7B33CDB40148}"
EndProject
Project("{9A19103F-16F7-4668-BE54-9A1E7A4F7556}") = "Infrastructure", "Infrastructure\Infrastructure.csproj", "{49EC923B-B70A-42E5-BF21-4A0D5D9224AF}"
EndProject
Project("{9A19103F-16F7-4668-BE54-9A1E7A4F7556}") = "Tests", "Tests\Tests.csproj", "{9B8C003C-F1CC-4EDE-9966-5D6879E5DFCF}"
EndProject
Global
	GlobalSection(SolutionConfigurationPlatforms) = preSolution
		Debug|Any CPU = Debug|Any CPU
		Release|Any CPU = Release|Any CPU
	EndGlobalSection
	GlobalSection(ProjectConfigurationPlatforms) = postSolution
		{CBB624FD-2C8F-4BA2-9FB5-DE4501EAD09D}.Debug|Any CPU.ActiveCfg = Debug|Any CPU
		{CBB624FD-2C8F-4BA2-9FB5-DE4501EAD09D}.Debug|Any CPU.Build.0 = Debug|Any CPU
		{CBB624FD-2C8F-4BA2-9FB5-DE4501EAD09D}.Release|Any CPU.ActiveCfg = Release|Any CPU
		{CBB624FD-2C8F-4BA2-9FB5-DE4501EAD09D}.Release|Any CPU.Build.0 = Release|Any CPU
		{893E7CC9-C484-4F33-94BA-CFBBD882F38E}.Debug|Any CPU.ActiveCfg = Debug|Any CPU
		{893E7CC9-C484-4F33-94BA-CFBBD882F38E}.Debug|Any CPU.Build.0 = Debug|Any CPU
		{893E7CC9-C484-4F33-94BA-CFBBD882F38E}.Release|Any CPU.ActiveCfg = Release|Any CPU
		{893E7CC9-C484-4F33-94BA-CFBBD882F38E}.Release|Any CPU.Build.0 = Release|Any CPU
		{1A59EB20-700C-4F43-AD64-7B33CDB40148}.Debug|Any CPU.ActiveCfg = Debug|Any CPU
		{1A59EB20-700C-4F43-AD64-7B33CDB40148}.Debug|Any CPU.Build.0 = Debug|Any CPU
		{1A59EB20-700C-4F43-AD64-7B33CDB40148}.Release|Any CPU.ActiveCfg = Release|Any CPU
		{1A59EB20-700C-4F43-AD64-7B33CDB40148}.Release|Any CPU.Build.0 = Release|Any CPU
		{49EC923B-B70A-42E5-BF21-4A0D5D9224AF}.Debug|Any CPU.ActiveCfg = Debug|Any CPU
		{49EC923B-B70A-42E5-BF21-4A0D5D9224AF}.Debug|Any CPU.Build.0 = Debug|Any CPU
		{49EC923B-B70A-42E5-BF21-4A0D5D9224AF}.Release|Any CPU.ActiveCfg = Release|Any CPU
		{49EC923B-B70A-42E5-BF21-4A0D5D9224AF}.Release|Any CPU.Build.0 = Release|Any CPU
		{9B8C003C-F1CC-4EDE-9966-5D6879E5DFCF}.Debug|Any CPU.ActiveCfg = Debug|Any CPU
		{9B8C003C-F1CC-4EDE-9966-5D6879E5DFCF}.Debug|Any CPU.Build.0 = Debug|Any CPU
		{9B8C003C-F1CC-4EDE-9966-5D6879E5DFCF}.Release|Any CPU.ActiveCfg = Release|Any CPU
		{9B8C003C-F1CC-4EDE-9966-5D6879E5DFCF}.Release|Any CPU.Build.0 = Release|Any CPU
	EndGlobalSection
	GlobalSection(SolutionProperties) = preSolution
		HideSolutionNode = FALSE
	EndGlobalSection
	GlobalSection(ExtensibilityGlobals) = postSolution
		SolutionGuid = {B9E290C2-0AFA-4106-A95F-F4C4C7E2C103}
	EndGlobalSection
EndGlobal
